
Microsoft Visual Studio Solution File, Format Version 12.00
# Visual Studio Version 17
VisualStudioVersion = 17.8.34330.188
MinimumVisualStudioVersion = 10.0.40219.1
Project("{FAE04EC0-301F-11D3-BF4B-00C04F79EFBC}") = "Tabuada usando Variáveis", "Tabuada usando Variáveis\Tabuada usando Variáveis.csproj", "{B08C66B1-7958-4C42-B477-9349222D8131}"
EndProject
Global
	GlobalSection(SolutionConfigurationPlatforms) = preSolution
		Debug|Any CPU = Debug|Any CPU
		Release|Any CPU = Release|Any CPU
	EndGlobalSection
	GlobalSection(ProjectConfigurationPlatforms) = postSolution
		{B08C66B1-7958-4C42-B477-9349222D8131}.Debug|Any CPU.ActiveCfg = Debug|Any CPU
		{B08C66B1-7958-4C42-B477-9349222D8131}.Debug|Any CPU.Build.0 = Debug|Any CPU
		{B08C66B1-7958-4C42-B477-9349222D8131}.Release|Any CPU.ActiveCfg = Release|Any CPU
		{B08C66B1-7958-4C42-B477-9349222D8131}.Release|Any CPU.Build.0 = Release|Any CPU
	EndGlobalSection
	GlobalSection(SolutionProperties) = preSolution
		HideSolutionNode = FALSE
	EndGlobalSection
	GlobalSection(ExtensibilityGlobals) = postSolution
		SolutionGuid = {FFC14DC3-7CA1-47F9-A288-6AC7DEE5BDC3}
	EndGlobalSection
EndGlobal
