
Microsoft Visual Studio Solution File, Format Version 12.00
# Visual Studio Version 17
VisualStudioVersion = 17.6.33815.320
MinimumVisualStudioVersion = 10.0.40219.1
Project("{FAE04EC0-301F-11D3-BF4B-00C04F79EFBC}") = "Exercício 1", "Exercício 1\Exercício 1.csproj", "{39F827E1-08CD-4586-B266-EE5B2E7999E9}"
EndProject
Global
	GlobalSection(SolutionConfigurationPlatforms) = preSolution
		Debug|Any CPU = Debug|Any CPU
		Release|Any CPU = Release|Any CPU
	EndGlobalSection
	GlobalSection(ProjectConfigurationPlatforms) = postSolution
		{39F827E1-08CD-4586-B266-EE5B2E7999E9}.Debug|Any CPU.ActiveCfg = Debug|Any CPU
		{39F827E1-08CD-4586-B266-EE5B2E7999E9}.Debug|Any CPU.Build.0 = Debug|Any CPU
		{39F827E1-08CD-4586-B266-EE5B2E7999E9}.Release|Any CPU.ActiveCfg = Release|Any CPU
		{39F827E1-08CD-4586-B266-EE5B2E7999E9}.Release|Any CPU.Build.0 = Release|Any CPU
	EndGlobalSection
	GlobalSection(SolutionProperties) = preSolution
		HideSolutionNode = FALSE
	EndGlobalSection
	GlobalSection(ExtensibilityGlobals) = postSolution
		SolutionGuid = {B661C0B0-4CFA-496F-ABA4-4D3AE17B785F}
	EndGlobalSection
EndGlobal
