
Microsoft Visual Studio Solution File, Format Version 12.00
# Visual Studio Version 17
VisualStudioVersion = 17.6.33815.320
MinimumVisualStudioVersion = 10.0.40219.1
Project("{FAE04EC0-301F-11D3-BF4B-00C04F79EFBC}") = "Atividade 1", "Atividade 1\Atividade 1.csproj", "{A5B18BC0-BDE0-4CD0-838B-19C1CAC6380E}"
EndProject
Global
	GlobalSection(SolutionConfigurationPlatforms) = preSolution
		Debug|Any CPU = Debug|Any CPU
		Release|Any CPU = Release|Any CPU
	EndGlobalSection
	GlobalSection(ProjectConfigurationPlatforms) = postSolution
		{A5B18BC0-BDE0-4CD0-838B-19C1CAC6380E}.Debug|Any CPU.ActiveCfg = Debug|Any CPU
		{A5B18BC0-BDE0-4CD0-838B-19C1CAC6380E}.Debug|Any CPU.Build.0 = Debug|Any CPU
		{A5B18BC0-BDE0-4CD0-838B-19C1CAC6380E}.Release|Any CPU.ActiveCfg = Release|Any CPU
		{A5B18BC0-BDE0-4CD0-838B-19C1CAC6380E}.Release|Any CPU.Build.0 = Release|Any CPU
	EndGlobalSection
	GlobalSection(SolutionProperties) = preSolution
		HideSolutionNode = FALSE
	EndGlobalSection
	GlobalSection(ExtensibilityGlobals) = postSolution
		SolutionGuid = {B0CE8AB7-D7B0-419C-9B2C-793661C2B97D}
	EndGlobalSection
EndGlobal
